// !$*UTF8*$!
{
	archiveVersion = 1;
	classes = {
	};
	objectVersion = 50;
	objects = {

/* Begin PBXBuildFile section */
		001CA034262742B100C0EB29 /* AppDelegate.swift in Sources */ = {isa = PBXBuildFile; fileRef = 001CA033262742B100C0EB29 /* AppDelegate.swift */; };
		001CA038262742B100C0EB29 /* ViewController.swift in Sources */ = {isa = PBXBuildFile; fileRef = 001CA037262742B100C0EB29 /* ViewController.swift */; };
		001CA03D262742B200C0EB29 /* Assets.xcassets in Resources */ = {isa = PBXBuildFile; fileRef = 001CA03C262742B200C0EB29 /* Assets.xcassets */; };
		001CA040262742B200C0EB29 /* LaunchScreen.storyboard in Resources */ = {isa = PBXBuildFile; fileRef = 001CA03E262742B200C0EB29 /* LaunchScreen.storyboard */; };
		001CA04B262742B200C0EB29 /* MoodDetectorTests.swift in Sources */ = {isa = PBXBuildFile; fileRef = 001CA04A262742B200C0EB29 /* MoodDetectorTests.swift */; };
		0062BDB22627462500F58F1B /* Coordinator.swift in Sources */ = {isa = PBXBuildFile; fileRef = 0062BDB12627462500F58F1B /* Coordinator.swift */; };
		0062BDB92627466C00F58F1B /* SearchViewController.swift in Sources */ = {isa = PBXBuildFile; fileRef = 0062BDB72627466C00F58F1B /* SearchViewController.swift */; };
		0062BDBA2627466C00F58F1B /* SearchViewController.xib in Resources */ = {isa = PBXBuildFile; fileRef = 0062BDB82627466C00F58F1B /* SearchViewController.xib */; };
		0062BDBE262746AE00F58F1B /* SearchCoordinator.swift in Sources */ = {isa = PBXBuildFile; fileRef = 0062BDBD262746AE00F58F1B /* SearchCoordinator.swift */; };
		0062BDC22627473500F58F1B /* SearchViewModel.swift in Sources */ = {isa = PBXBuildFile; fileRef = 0062BDC12627473500F58F1B /* SearchViewModel.swift */; };
/* End PBXBuildFile section */

/* Begin PBXContainerItemProxy section */
		001CA047262742B200C0EB29 /* PBXContainerItemProxy */ = {
			isa = PBXContainerItemProxy;
			containerPortal = 001CA028262742B100C0EB29 /* Project object */;
			proxyType = 1;
			remoteGlobalIDString = 001CA02F262742B100C0EB29;
			remoteInfo = MoodDetector;
		};
/* End PBXContainerItemProxy section */

/* Begin PBXFileReference section */
		001CA030262742B100C0EB29 /* MoodDetector.app */ = {isa = PBXFileReference; explicitFileType = wrapper.application; includeInIndex = 0; path = MoodDetector.app; sourceTree = BUILT_PRODUCTS_DIR; };
		001CA033262742B100C0EB29 /* AppDelegate.swift */ = {isa = PBXFileReference; lastKnownFileType = sourcecode.swift; path = AppDelegate.swift; sourceTree = "<group>"; };
		001CA037262742B100C0EB29 /* ViewController.swift */ = {isa = PBXFileReference; lastKnownFileType = sourcecode.swift; path = ViewController.swift; sourceTree = "<group>"; };
		001CA03C262742B200C0EB29 /* Assets.xcassets */ = {isa = PBXFileReference; lastKnownFileType = folder.assetcatalog; path = Assets.xcassets; sourceTree = "<group>"; };
		001CA03F262742B200C0EB29 /* Base */ = {isa = PBXFileReference; lastKnownFileType = file.storyboard; name = Base; path = Base.lproj/LaunchScreen.storyboard; sourceTree = "<group>"; };
		001CA041262742B200C0EB29 /* Info.plist */ = {isa = PBXFileReference; lastKnownFileType = text.plist.xml; path = Info.plist; sourceTree = "<group>"; };
		001CA046262742B200C0EB29 /* MoodDetectorTests.xctest */ = {isa = PBXFileReference; explicitFileType = wrapper.cfbundle; includeInIndex = 0; path = MoodDetectorTests.xctest; sourceTree = BUILT_PRODUCTS_DIR; };
		001CA04A262742B200C0EB29 /* MoodDetectorTests.swift */ = {isa = PBXFileReference; lastKnownFileType = sourcecode.swift; path = MoodDetectorTests.swift; sourceTree = "<group>"; };
		001CA04C262742B200C0EB29 /* Info.plist */ = {isa = PBXFileReference; lastKnownFileType = text.plist.xml; path = Info.plist; sourceTree = "<group>"; };
		0062BDB12627462500F58F1B /* Coordinator.swift */ = {isa = PBXFileReference; lastKnownFileType = sourcecode.swift; path = Coordinator.swift; sourceTree = "<group>"; };
		0062BDB72627466C00F58F1B /* SearchViewController.swift */ = {isa = PBXFileReference; lastKnownFileType = sourcecode.swift; path = SearchViewController.swift; sourceTree = "<group>"; };
		0062BDB82627466C00F58F1B /* SearchViewController.xib */ = {isa = PBXFileReference; lastKnownFileType = file.xib; path = SearchViewController.xib; sourceTree = "<group>"; };
		0062BDBD262746AE00F58F1B /* SearchCoordinator.swift */ = {isa = PBXFileReference; lastKnownFileType = sourcecode.swift; path = SearchCoordinator.swift; sourceTree = "<group>"; };
		0062BDC12627473500F58F1B /* SearchViewModel.swift */ = {isa = PBXFileReference; lastKnownFileType = sourcecode.swift; path = SearchViewModel.swift; sourceTree = "<group>"; };
/* End PBXFileReference section */

/* Begin PBXFrameworksBuildPhase section */
		001CA02D262742B100C0EB29 /* Frameworks */ = {
			isa = PBXFrameworksBuildPhase;
			buildActionMask = 2147483647;
			files = (
			);
			runOnlyForDeploymentPostprocessing = 0;
		};
		001CA043262742B200C0EB29 /* Frameworks */ = {
			isa = PBXFrameworksBuildPhase;
			buildActionMask = 2147483647;
			files = (
			);
			runOnlyForDeploymentPostprocessing = 0;
		};
/* End PBXFrameworksBuildPhase section */

/* Begin PBXGroup section */
		001CA027262742B100C0EB29 = {
			isa = PBXGroup;
			children = (
				001CA032262742B100C0EB29 /* MoodDetector */,
				001CA049262742B200C0EB29 /* MoodDetectorTests */,
				001CA031262742B100C0EB29 /* Products */,
			);
			sourceTree = "<group>";
		};
		001CA031262742B100C0EB29 /* Products */ = {
			isa = PBXGroup;
			children = (
				001CA030262742B100C0EB29 /* MoodDetector.app */,
				001CA046262742B200C0EB29 /* MoodDetectorTests.xctest */,
			);
			name = Products;
			sourceTree = "<group>";
		};
		001CA032262742B100C0EB29 /* MoodDetector */ = {
			isa = PBXGroup;
			children = (
				0062BDA8262745DE00F58F1B /* Coordinator */,
				0062BDAB262745F600F58F1B /* Home */,
				0062BDA9262745E500F58F1B /* Common */,
				0062BDAA262745EB00F58F1B /* Extensions */,
				001CA033262742B100C0EB29 /* AppDelegate.swift */,
				001CA037262742B100C0EB29 /* ViewController.swift */,
				001CA03C262742B200C0EB29 /* Assets.xcassets */,
				001CA03E262742B200C0EB29 /* LaunchScreen.storyboard */,
				001CA041262742B200C0EB29 /* Info.plist */,
			);
			path = MoodDetector;
			sourceTree = "<group>";
		};
		001CA049262742B200C0EB29 /* MoodDetectorTests */ = {
			isa = PBXGroup;
			children = (
				001CA04A262742B200C0EB29 /* MoodDetectorTests.swift */,
				001CA04C262742B200C0EB29 /* Info.plist */,
			);
			path = MoodDetectorTests;
			sourceTree = "<group>";
		};
		0062BDA8262745DE00F58F1B /* Coordinator */ = {
			isa = PBXGroup;
			children = (
				0062BDB12627462500F58F1B /* Coordinator.swift */,
			);
			path = Coordinator;
			sourceTree = "<group>";
		};
		0062BDA9262745E500F58F1B /* Common */ = {
			isa = PBXGroup;
			children = (
			);
			path = Common;
			sourceTree = "<group>";
		};
		0062BDAA262745EB00F58F1B /* Extensions */ = {
			isa = PBXGroup;
			children = (
			);
			path = Extensions;
			sourceTree = "<group>";
		};
		0062BDAB262745F600F58F1B /* Home */ = {
			isa = PBXGroup;
			children = (
				0062BDB02627461300F58F1B /* Service */,
				0062BDAF2627460F00F58F1B /* Model */,
				0062BDAE2627460A00F58F1B /* Coordinator */,
				0062BDAD2627460400F58F1B /* ViewModel */,
				0062BDAC262745FF00F58F1B /* Views */,
			);
			path = Home;
			sourceTree = "<group>";
		};
		0062BDAC262745FF00F58F1B /* Views */ = {
			isa = PBXGroup;
			children = (
				0062BDB72627466C00F58F1B /* SearchViewController.swift */,
				0062BDB82627466C00F58F1B /* SearchViewController.xib */,
			);
			path = Views;
			sourceTree = "<group>";
		};
		0062BDAD2627460400F58F1B /* ViewModel */ = {
			isa = PBXGroup;
			children = (
				0062BDC12627473500F58F1B /* SearchViewModel.swift */,
			);
			path = ViewModel;
			sourceTree = "<group>";
		};
		0062BDAE2627460A00F58F1B /* Coordinator */ = {
			isa = PBXGroup;
			children = (
				0062BDBD262746AE00F58F1B /* SearchCoordinator.swift */,
			);
			path = Coordinator;
			sourceTree = "<group>";
		};
		0062BDAF2627460F00F58F1B /* Model */ = {
			isa = PBXGroup;
			children = (
			);
			path = Model;
			sourceTree = "<group>";
		};
		0062BDB02627461300F58F1B /* Service */ = {
			isa = PBXGroup;
			children = (
			);
			path = Service;
			sourceTree = "<group>";
		};
/* End PBXGroup section */

/* Begin PBXNativeTarget section */
		001CA02F262742B100C0EB29 /* MoodDetector */ = {
			isa = PBXNativeTarget;
			buildConfigurationList = 001CA05A262742B200C0EB29 /* Build configuration list for PBXNativeTarget "MoodDetector" */;
			buildPhases = (
				001CA02C262742B100C0EB29 /* Sources */,
				001CA02D262742B100C0EB29 /* Frameworks */,
				001CA02E262742B100C0EB29 /* Resources */,
			);
			buildRules = (
			);
			dependencies = (
			);
			name = MoodDetector;
			productName = MoodDetector;
			productReference = 001CA030262742B100C0EB29 /* MoodDetector.app */;
			productType = "com.apple.product-type.application";
		};
		001CA045262742B200C0EB29 /* MoodDetectorTests */ = {
			isa = PBXNativeTarget;
			buildConfigurationList = 001CA05D262742B200C0EB29 /* Build configuration list for PBXNativeTarget "MoodDetectorTests" */;
			buildPhases = (
				001CA042262742B200C0EB29 /* Sources */,
				001CA043262742B200C0EB29 /* Frameworks */,
				001CA044262742B200C0EB29 /* Resources */,
			);
			buildRules = (
			);
			dependencies = (
				001CA048262742B200C0EB29 /* PBXTargetDependency */,
			);
			name = MoodDetectorTests;
			productName = MoodDetectorTests;
			productReference = 001CA046262742B200C0EB29 /* MoodDetectorTests.xctest */;
			productType = "com.apple.product-type.bundle.unit-test";
		};
/* End PBXNativeTarget section */

/* Begin PBXProject section */
		001CA028262742B100C0EB29 /* Project object */ = {
			isa = PBXProject;
			attributes = {
				LastSwiftUpdateCheck = 1240;
				LastUpgradeCheck = 1240;
				TargetAttributes = {
					001CA02F262742B100C0EB29 = {
						CreatedOnToolsVersion = 12.4;
					};
					001CA045262742B200C0EB29 = {
						CreatedOnToolsVersion = 12.4;
						TestTargetID = 001CA02F262742B100C0EB29;
					};
				};
			};
			buildConfigurationList = 001CA02B262742B100C0EB29 /* Build configuration list for PBXProject "MoodDetector" */;
			compatibilityVersion = "Xcode 9.3";
			developmentRegion = en;
			hasScannedForEncodings = 0;
			knownRegions = (
				en,
				Base,
			);
			mainGroup = 001CA027262742B100C0EB29;
			productRefGroup = 001CA031262742B100C0EB29 /* Products */;
			projectDirPath = "";
			projectRoot = "";
			targets = (
				001CA02F262742B100C0EB29 /* MoodDetector */,
				001CA045262742B200C0EB29 /* MoodDetectorTests */,
			);
		};
/* End PBXProject section */

/* Begin PBXResourcesBuildPhase section */
		001CA02E262742B100C0EB29 /* Resources */ = {
			isa = PBXResourcesBuildPhase;
			buildActionMask = 2147483647;
			files = (
				001CA040262742B200C0EB29 /* LaunchScreen.storyboard in Resources */,
				001CA03D262742B200C0EB29 /* Assets.xcassets in Resources */,
				0062BDBA2627466C00F58F1B /* SearchViewController.xib in Resources */,
			);
			runOnlyForDeploymentPostprocessing = 0;
		};
		001CA044262742B200C0EB29 /* Resources */ = {
			isa = PBXResourcesBuildPhase;
			buildActionMask = 2147483647;
			files = (
			);
			runOnlyForDeploymentPostprocessing = 0;
		};
/* End PBXResourcesBuildPhase section */

/* Begin PBXSourcesBuildPhase section */
		001CA02C262742B100C0EB29 /* Sources */ = {
			isa = PBXSourcesBuildPhase;
			buildActionMask = 2147483647;
			files = (
				0062BDC22627473500F58F1B /* SearchViewModel.swift in Sources */,
				001CA038262742B100C0EB29 /* ViewController.swift in Sources */,
				0062BDBE262746AE00F58F1B /* SearchCoordinator.swift in Sources */,
				001CA034262742B100C0EB29 /* AppDelegate.swift in Sources */,
				0062BDB92627466C00F58F1B /* SearchViewController.swift in Sources */,
				0062BDB22627462500F58F1B /* Coordinator.swift in Sources */,
			);
			runOnlyForDeploymentPostprocessing = 0;
		};
		001CA042262742B200C0EB29 /* Sources */ = {
			isa = PBXSourcesBuildPhase;
			buildActionMask = 2147483647;
			files = (
				001CA04B262742B200C0EB29 /* MoodDetectorTests.swift in Sources */,
			);
			runOnlyForDeploymentPostprocessing = 0;
		};
/* End PBXSourcesBuildPhase section */

/* Begin PBXTargetDependency section */
		001CA048262742B200C0EB29 /* PBXTargetDependency */ = {
			isa = PBXTargetDependency;
			target = 001CA02F262742B100C0EB29 /* MoodDetector */;
			targetProxy = 001CA047262742B200C0EB29 /* PBXContainerItemProxy */;
		};
/* End PBXTargetDependency section */

/* Begin PBXVariantGroup section */
		001CA03E262742B200C0EB29 /* LaunchScreen.storyboard */ = {
			isa = PBXVariantGroup;
			children = (
				001CA03F262742B200C0EB29 /* Base */,
			);
			name = LaunchScreen.storyboard;
			sourceTree = "<group>";
		};
/* End PBXVariantGroup section */

/* Begin XCBuildConfiguration section */
		001CA058262742B200C0EB29 /* Debug */ = {
			isa = XCBuildConfiguration;
			buildSettings = {
				ALWAYS_SEARCH_USER_PATHS = NO;
				CLANG_ANALYZER_NONNULL = YES;
				CLANG_ANALYZER_NUMBER_OBJECT_CONVERSION = YES_AGGRESSIVE;
				CLANG_CXX_LANGUAGE_STANDARD = "gnu++14";
				CLANG_CXX_LIBRARY = "libc++";
				CLANG_ENABLE_MODULES = YES;
				CLANG_ENABLE_OBJC_ARC = YES;
				CLANG_ENABLE_OBJC_WEAK = YES;
				CLANG_WARN_BLOCK_CAPTURE_AUTORELEASING = YES;
				CLANG_WARN_BOOL_CONVERSION = YES;
				CLANG_WARN_COMMA = YES;
				CLANG_WARN_CONSTANT_CONVERSION = YES;
				CLANG_WARN_DEPRECATED_OBJC_IMPLEMENTATIONS = YES;
				CLANG_WARN_DIRECT_OBJC_ISA_USAGE = YES_ERROR;
				CLANG_WARN_DOCUMENTATION_COMMENTS = YES;
				CLANG_WARN_EMPTY_BODY = YES;
				CLANG_WARN_ENUM_CONVERSION = YES;
				CLANG_WARN_INFINITE_RECURSION = YES;
				CLANG_WARN_INT_CONVERSION = YES;
				CLANG_WARN_NON_LITERAL_NULL_CONVERSION = YES;
				CLANG_WARN_OBJC_IMPLICIT_RETAIN_SELF = YES;
				CLANG_WARN_OBJC_LITERAL_CONVERSION = YES;
				CLANG_WARN_OBJC_ROOT_CLASS = YES_ERROR;
				CLANG_WARN_QUOTED_INCLUDE_IN_FRAMEWORK_HEADER = YES;
				CLANG_WARN_RANGE_LOOP_ANALYSIS = YES;
				CLANG_WARN_STRICT_PROTOTYPES = YES;
				CLANG_WARN_SUSPICIOUS_MOVE = YES;
				CLANG_WARN_UNGUARDED_AVAILABILITY = YES_AGGRESSIVE;
				CLANG_WARN_UNREACHABLE_CODE = YES;
				CLANG_WARN__DUPLICATE_METHOD_MATCH = YES;
				COPY_PHASE_STRIP = NO;
				DEBUG_INFORMATION_FORMAT = dwarf;
				ENABLE_STRICT_OBJC_MSGSEND = YES;
				ENABLE_TESTABILITY = YES;
				GCC_C_LANGUAGE_STANDARD = gnu11;
				GCC_DYNAMIC_NO_PIC = NO;
				GCC_NO_COMMON_BLOCKS = YES;
				GCC_OPTIMIZATION_LEVEL = 0;
				GCC_PREPROCESSOR_DEFINITIONS = (
					"DEBUG=1",
					"$(inherited)",
				);
				GCC_WARN_64_TO_32_BIT_CONVERSION = YES;
				GCC_WARN_ABOUT_RETURN_TYPE = YES_ERROR;
				GCC_WARN_UNDECLARED_SELECTOR = YES;
				GCC_WARN_UNINITIALIZED_AUTOS = YES_AGGRESSIVE;
				GCC_WARN_UNUSED_FUNCTION = YES;
				GCC_WARN_UNUSED_VARIABLE = YES;
				IPHONEOS_DEPLOYMENT_TARGET = 14.4;
				MTL_ENABLE_DEBUG_INFO = INCLUDE_SOURCE;
				MTL_FAST_MATH = YES;
				ONLY_ACTIVE_ARCH = YES;
				SDKROOT = iphoneos;
				SWIFT_ACTIVE_COMPILATION_CONDITIONS = DEBUG;
				SWIFT_OPTIMIZATION_LEVEL = "-Onone";
			};
			name = Debug;
		};
		001CA059262742B200C0EB29 /* Release */ = {
			isa = XCBuildConfiguration;
			buildSettings = {
				ALWAYS_SEARCH_USER_PATHS = NO;
				CLANG_ANALYZER_NONNULL = YES;
				CLANG_ANALYZER_NUMBER_OBJECT_CONVERSION = YES_AGGRESSIVE;
				CLANG_CXX_LANGUAGE_STANDARD = "gnu++14";
				CLANG_CXX_LIBRARY = "libc++";
				CLANG_ENABLE_MODULES = YES;
				CLANG_ENABLE_OBJC_ARC = YES;
				CLANG_ENABLE_OBJC_WEAK = YES;
				CLANG_WARN_BLOCK_CAPTURE_AUTORELEASING = YES;
				CLANG_WARN_BOOL_CONVERSION = YES;
				CLANG_WARN_COMMA = YES;
				CLANG_WARN_CONSTANT_CONVERSION = YES;
				CLANG_WARN_DEPRECATED_OBJC_IMPLEMENTATIONS = YES;
				CLANG_WARN_DIRECT_OBJC_ISA_USAGE = YES_ERROR;
				CLANG_WARN_DOCUMENTATION_COMMENTS = YES;
				CLANG_WARN_EMPTY_BODY = YES;
				CLANG_WARN_ENUM_CONVERSION = YES;
				CLANG_WARN_INFINITE_RECURSION = YES;
				CLANG_WARN_INT_CONVERSION = YES;
				CLANG_WARN_NON_LITERAL_NULL_CONVERSION = YES;
				CLANG_WARN_OBJC_IMPLICIT_RETAIN_SELF = YES;
				CLANG_WARN_OBJC_LITERAL_CONVERSION = YES;
				CLANG_WARN_OBJC_ROOT_CLASS = YES_ERROR;
				CLANG_WARN_QUOTED_INCLUDE_IN_FRAMEWORK_HEADER = YES;
				CLANG_WARN_RANGE_LOOP_ANALYSIS = YES;
				CLANG_WARN_STRICT_PROTOTYPES = YES;
				CLANG_WARN_SUSPICIOUS_MOVE = YES;
				CLANG_WARN_UNGUARDED_AVAILABILITY = YES_AGGRESSIVE;
				CLANG_WARN_UNREACHABLE_CODE = YES;
				CLANG_WARN__DUPLICATE_METHOD_MATCH = YES;
				COPY_PHASE_STRIP = NO;
				DEBUG_INFORMATION_FORMAT = "dwarf-with-dsym";
				ENABLE_NS_ASSERTIONS = NO;
				ENABLE_STRICT_OBJC_MSGSEND = YES;
				GCC_C_LANGUAGE_STANDARD = gnu11;
				GCC_NO_COMMON_BLOCKS = YES;
				GCC_WARN_64_TO_32_BIT_CONVERSION = YES;
				GCC_WARN_ABOUT_RETURN_TYPE = YES_ERROR;
				GCC_WARN_UNDECLARED_SELECTOR = YES;
				GCC_WARN_UNINITIALIZED_AUTOS = YES_AGGRESSIVE;
				GCC_WARN_UNUSED_FUNCTION = YES;
				GCC_WARN_UNUSED_VARIABLE = YES;
				IPHONEOS_DEPLOYMENT_TARGET = 14.4;
				MTL_ENABLE_DEBUG_INFO = NO;
				MTL_FAST_MATH = YES;
				SDKROOT = iphoneos;
				SWIFT_COMPILATION_MODE = wholemodule;
				SWIFT_OPTIMIZATION_LEVEL = "-O";
				VALIDATE_PRODUCT = YES;
			};
			name = Release;
		};
		001CA05B262742B200C0EB29 /* Debug */ = {
			isa = XCBuildConfiguration;
			buildSettings = {
				ASSETCATALOG_COMPILER_APPICON_NAME = AppIcon;
				ASSETCATALOG_COMPILER_GLOBAL_ACCENT_COLOR_NAME = AccentColor;
				CODE_SIGN_STYLE = Automatic;
				DEVELOPMENT_TEAM = 4473R8PQA5;
				INFOPLIST_FILE = MoodDetector/Info.plist;
				LD_RUNPATH_SEARCH_PATHS = (
					"$(inherited)",
					"@executable_path/Frameworks",
				);
				PRODUCT_BUNDLE_IDENTIFIER = dev.fabiosalata.MoodDetector;
				PRODUCT_NAME = "$(TARGET_NAME)";
				SWIFT_VERSION = 5.0;
				TARGETED_DEVICE_FAMILY = 1;
			};
			name = Debug;
		};
		001CA05C262742B200C0EB29 /* Release */ = {
			isa = XCBuildConfiguration;
			buildSettings = {
				ASSETCATALOG_COMPILER_APPICON_NAME = AppIcon;
				ASSETCATALOG_COMPILER_GLOBAL_ACCENT_COLOR_NAME = AccentColor;
				CODE_SIGN_STYLE = Automatic;
				DEVELOPMENT_TEAM = 4473R8PQA5;
				INFOPLIST_FILE = MoodDetector/Info.plist;
				LD_RUNPATH_SEARCH_PATHS = (
					"$(inherited)",
					"@executable_path/Frameworks",
				);
				PRODUCT_BUNDLE_IDENTIFIER = dev.fabiosalata.MoodDetector;
				PRODUCT_NAME = "$(TARGET_NAME)";
				SWIFT_VERSION = 5.0;
				TARGETED_DEVICE_FAMILY = 1;
			};
			name = Release;
		};
		001CA05E262742B200C0EB29 /* Debug */ = {
			isa = XCBuildConfiguration;
			buildSettings = {
				ALWAYS_EMBED_SWIFT_STANDARD_LIBRARIES = YES;
				BUNDLE_LOADER = "$(TEST_HOST)";
				CODE_SIGN_STYLE = Automatic;
				DEVELOPMENT_TEAM = 4473R8PQA5;
				INFOPLIST_FILE = MoodDetectorTests/Info.plist;
				IPHONEOS_DEPLOYMENT_TARGET = 14.4;
				LD_RUNPATH_SEARCH_PATHS = (
					"$(inherited)",
					"@executable_path/Frameworks",
					"@loader_path/Frameworks",
				);
				PRODUCT_BUNDLE_IDENTIFIER = dev.fabiosalata.MoodDetectorTests;
				PRODUCT_NAME = "$(TARGET_NAME)";
				SWIFT_VERSION = 5.0;
				TARGETED_DEVICE_FAMILY = "1,2";
				TEST_HOST = "$(BUILT_PRODUCTS_DIR)/MoodDetector.app/MoodDetector";
			};
			name = Debug;
		};
		001CA05F262742B200C0EB29 /* Release */ = {
			isa = XCBuildConfiguration;
			buildSettings = {
				ALWAYS_EMBED_SWIFT_STANDARD_LIBRARIES = YES;
				BUNDLE_LOADER = "$(TEST_HOST)";
				CODE_SIGN_STYLE = Automatic;
				DEVELOPMENT_TEAM = 4473R8PQA5;
				INFOPLIST_FILE = MoodDetectorTests/Info.plist;
				IPHONEOS_DEPLOYMENT_TARGET = 14.4;
				LD_RUNPATH_SEARCH_PATHS = (
					"$(inherited)",
					"@executable_path/Frameworks",
					"@loader_path/Frameworks",
				);
				PRODUCT_BUNDLE_IDENTIFIER = dev.fabiosalata.MoodDetectorTests;
				PRODUCT_NAME = "$(TARGET_NAME)";
				SWIFT_VERSION = 5.0;
				TARGETED_DEVICE_FAMILY = "1,2";
				TEST_HOST = "$(BUILT_PRODUCTS_DIR)/MoodDetector.app/MoodDetector";
			};
			name = Release;
		};
/* End XCBuildConfiguration section */

/* Begin XCConfigurationList section */
		001CA02B262742B100C0EB29 /* Build configuration list for PBXProject "MoodDetector" */ = {
			isa = XCConfigurationList;
			buildConfigurations = (
				001CA058262742B200C0EB29 /* Debug */,
				001CA059262742B200C0EB29 /* Release */,
			);
			defaultConfigurationIsVisible = 0;
			defaultConfigurationName = Release;
		};
		001CA05A262742B200C0EB29 /* Build configuration list for PBXNativeTarget "MoodDetector" */ = {
			isa = XCConfigurationList;
			buildConfigurations = (
				001CA05B262742B200C0EB29 /* Debug */,
				001CA05C262742B200C0EB29 /* Release */,
			);
			defaultConfigurationIsVisible = 0;
			defaultConfigurationName = Release;
		};
		001CA05D262742B200C0EB29 /* Build configuration list for PBXNativeTarget "MoodDetectorTests" */ = {
			isa = XCConfigurationList;
			buildConfigurations = (
				001CA05E262742B200C0EB29 /* Debug */,
				001CA05F262742B200C0EB29 /* Release */,
			);
			defaultConfigurationIsVisible = 0;
			defaultConfigurationName = Release;
		};
/* End XCConfigurationList section */
	};
	rootObject = 001CA028262742B100C0EB29 /* Project object */;
}
